// !$*UTF8*$!
{
	archiveVersion = 1;
	classes = {
	};
	objectVersion = 50;
	objects = {

/* Begin PBXBuildFile section */
		4AC26C9523C8CD9A008FC859 /* AppDelegate.swift in Sources */ = {isa = PBXBuildFile; fileRef = 4AC26C9423C8CD9A008FC859 /* AppDelegate.swift */; };
		4AC26C9723C8CD9A008FC859 /* ViewController.swift in Sources */ = {isa = PBXBuildFile; fileRef = 4AC26C9623C8CD9A008FC859 /* ViewController.swift */; };
		4AC26C9A23C8CD9A008FC859 /* Main.storyboard in Resources */ = {isa = PBXBuildFile; fileRef = 4AC26C9823C8CD9A008FC859 /* Main.storyboard */; };
		4AC26C9C23C8CD9B008FC859 /* Assets.xcassets in Resources */ = {isa = PBXBuildFile; fileRef = 4AC26C9B23C8CD9B008FC859 /* Assets.xcassets */; };
		4AC26C9F23C8CD9B008FC859 /* LaunchScreen.storyboard in Resources */ = {isa = PBXBuildFile; fileRef = 4AC26C9D23C8CD9B008FC859 /* LaunchScreen.storyboard */; };
		4AC26CAA23C8CD9C008FC859 /* ArDrawAppTests.swift in Sources */ = {isa = PBXBuildFile; fileRef = 4AC26CA923C8CD9C008FC859 /* ArDrawAppTests.swift */; };
		4AC26CB523C8CD9C008FC859 /* ArDrawAppUITests.swift in Sources */ = {isa = PBXBuildFile; fileRef = 4AC26CB423C8CD9C008FC859 /* ArDrawAppUITests.swift */; };
/* End PBXBuildFile section */

/* Begin PBXContainerItemProxy section */
		4AC26CA623C8CD9C008FC859 /* PBXContainerItemProxy */ = {
			isa = PBXContainerItemProxy;
			containerPortal = 4AC26C8923C8CD9A008FC859 /* Project object */;
			proxyType = 1;
			remoteGlobalIDString = 4AC26C9023C8CD9A008FC859;
			remoteInfo = ArDrawApp;
		};
		4AC26CB123C8CD9C008FC859 /* PBXContainerItemProxy */ = {
			isa = PBXContainerItemProxy;
			containerPortal = 4AC26C8923C8CD9A008FC859 /* Project object */;
			proxyType = 1;
			remoteGlobalIDString = 4AC26C9023C8CD9A008FC859;
			remoteInfo = ArDrawApp;
		};
/* End PBXContainerItemProxy section */

/* Begin PBXFileReference section */
		4AC26C9123C8CD9A008FC859 /* ArDrawApp.app */ = {isa = PBXFileReference; explicitFileType = wrapper.application; includeInIndex = 0; path = ArDrawApp.app; sourceTree = BUILT_PRODUCTS_DIR; };
		4AC26C9423C8CD9A008FC859 /* AppDelegate.swift */ = {isa = PBXFileReference; lastKnownFileType = sourcecode.swift; path = AppDelegate.swift; sourceTree = "<group>"; };
		4AC26C9623C8CD9A008FC859 /* ViewController.swift */ = {isa = PBXFileReference; lastKnownFileType = sourcecode.swift; path = ViewController.swift; sourceTree = "<group>"; };
		4AC26C9923C8CD9A008FC859 /* Base */ = {isa = PBXFileReference; lastKnownFileType = file.storyboard; name = Base; path = Base.lproj/Main.storyboard; sourceTree = "<group>"; };
		4AC26C9B23C8CD9B008FC859 /* Assets.xcassets */ = {isa = PBXFileReference; lastKnownFileType = folder.assetcatalog; path = Assets.xcassets; sourceTree = "<group>"; };
		4AC26C9E23C8CD9B008FC859 /* Base */ = {isa = PBXFileReference; lastKnownFileType = file.storyboard; name = Base; path = Base.lproj/LaunchScreen.storyboard; sourceTree = "<group>"; };
		4AC26CA023C8CD9B008FC859 /* Info.plist */ = {isa = PBXFileReference; lastKnownFileType = text.plist.xml; path = Info.plist; sourceTree = "<group>"; };
		4AC26CA523C8CD9C008FC859 /* ArDrawAppTests.xctest */ = {isa = PBXFileReference; explicitFileType = wrapper.cfbundle; includeInIndex = 0; path = ArDrawAppTests.xctest; sourceTree = BUILT_PRODUCTS_DIR; };
		4AC26CA923C8CD9C008FC859 /* ArDrawAppTests.swift */ = {isa = PBXFileReference; lastKnownFileType = sourcecode.swift; path = ArDrawAppTests.swift; sourceTree = "<group>"; };
		4AC26CAB23C8CD9C008FC859 /* Info.plist */ = {isa = PBXFileReference; lastKnownFileType = text.plist.xml; path = Info.plist; sourceTree = "<group>"; };
		4AC26CB023C8CD9C008FC859 /* ArDrawAppUITests.xctest */ = {isa = PBXFileReference; explicitFileType = wrapper.cfbundle; includeInIndex = 0; path = ArDrawAppUITests.xctest; sourceTree = BUILT_PRODUCTS_DIR; };
		4AC26CB423C8CD9C008FC859 /* ArDrawAppUITests.swift */ = {isa = PBXFileReference; lastKnownFileType = sourcecode.swift; path = ArDrawAppUITests.swift; sourceTree = "<group>"; };
		4AC26CB623C8CD9C008FC859 /* Info.plist */ = {isa = PBXFileReference; lastKnownFileType = text.plist.xml; path = Info.plist; sourceTree = "<group>"; };
/* End PBXFileReference section */

/* Begin PBXFrameworksBuildPhase section */
		4AC26C8E23C8CD9A008FC859 /* Frameworks */ = {
			isa = PBXFrameworksBuildPhase;
			buildActionMask = 2147483647;
			files = (
			);
			runOnlyForDeploymentPostprocessing = 0;
		};
		4AC26CA223C8CD9C008FC859 /* Frameworks */ = {
			isa = PBXFrameworksBuildPhase;
			buildActionMask = 2147483647;
			files = (
			);
			runOnlyForDeploymentPostprocessing = 0;
		};
		4AC26CAD23C8CD9C008FC859 /* Frameworks */ = {
			isa = PBXFrameworksBuildPhase;
			buildActionMask = 2147483647;
			files = (
			);
			runOnlyForDeploymentPostprocessing = 0;
		};
/* End PBXFrameworksBuildPhase section */

/* Begin PBXGroup section */
		4AC26C8823C8CD9A008FC859 = {
			isa = PBXGroup;
			children = (
				4AC26C9323C8CD9A008FC859 /* ArDrawApp */,
				4AC26CA823C8CD9C008FC859 /* ArDrawAppTests */,
				4AC26CB323C8CD9C008FC859 /* ArDrawAppUITests */,
				4AC26C9223C8CD9A008FC859 /* Products */,
			);
			sourceTree = "<group>";
		};
		4AC26C9223C8CD9A008FC859 /* Products */ = {
			isa = PBXGroup;
			children = (
				4AC26C9123C8CD9A008FC859 /* ArDrawApp.app */,
				4AC26CA523C8CD9C008FC859 /* ArDrawAppTests.xctest */,
				4AC26CB023C8CD9C008FC859 /* ArDrawAppUITests.xctest */,
			);
			name = Products;
			sourceTree = "<group>";
		};
		4AC26C9323C8CD9A008FC859 /* ArDrawApp */ = {
			isa = PBXGroup;
			children = (
				4AC26C9423C8CD9A008FC859 /* AppDelegate.swift */,
				4AC26C9623C8CD9A008FC859 /* ViewController.swift */,
				4AC26C9823C8CD9A008FC859 /* Main.storyboard */,
				4AC26C9B23C8CD9B008FC859 /* Assets.xcassets */,
				4AC26C9D23C8CD9B008FC859 /* LaunchScreen.storyboard */,
				4AC26CA023C8CD9B008FC859 /* Info.plist */,
			);
			path = ArDrawApp;
			sourceTree = "<group>";
		};
		4AC26CA823C8CD9C008FC859 /* ArDrawAppTests */ = {
			isa = PBXGroup;
			children = (
				4AC26CA923C8CD9C008FC859 /* ArDrawAppTests.swift */,
				4AC26CAB23C8CD9C008FC859 /* Info.plist */,
			);
			path = ArDrawAppTests;
			sourceTree = "<group>";
		};
		4AC26CB323C8CD9C008FC859 /* ArDrawAppUITests */ = {
			isa = PBXGroup;
			children = (
				4AC26CB423C8CD9C008FC859 /* ArDrawAppUITests.swift */,
				4AC26CB623C8CD9C008FC859 /* Info.plist */,
			);
			path = ArDrawAppUITests;
			sourceTree = "<group>";
		};
/* End PBXGroup section */

/* Begin PBXNativeTarget section */
		4AC26C9023C8CD9A008FC859 /* ArDrawApp */ = {
			isa = PBXNativeTarget;
			buildConfigurationList = 4AC26CB923C8CD9C008FC859 /* Build configuration list for PBXNativeTarget "ArDrawApp" */;
			buildPhases = (
				4AC26C8D23C8CD9A008FC859 /* Sources */,
				4AC26C8E23C8CD9A008FC859 /* Frameworks */,
				4AC26C8F23C8CD9A008FC859 /* Resources */,
			);
			buildRules = (
			);
			dependencies = (
			);
			name = ArDrawApp;
			productName = ArDrawApp;
			productReference = 4AC26C9123C8CD9A008FC859 /* ArDrawApp.app */;
			productType = "com.apple.product-type.application";
		};
		4AC26CA423C8CD9C008FC859 /* ArDrawAppTests */ = {
			isa = PBXNativeTarget;
			buildConfigurationList = 4AC26CBC23C8CD9C008FC859 /* Build configuration list for PBXNativeTarget "ArDrawAppTests" */;
			buildPhases = (
				4AC26CA123C8CD9C008FC859 /* Sources */,
				4AC26CA223C8CD9C008FC859 /* Frameworks */,
				4AC26CA323C8CD9C008FC859 /* Resources */,
			);
			buildRules = (
			);
			dependencies = (
				4AC26CA723C8CD9C008FC859 /* PBXTargetDependency */,
			);
			name = ArDrawAppTests;
			productName = ArDrawAppTests;
			productReference = 4AC26CA523C8CD9C008FC859 /* ArDrawAppTests.xctest */;
			productType = "com.apple.product-type.bundle.unit-test";
		};
		4AC26CAF23C8CD9C008FC859 /* ArDrawAppUITests */ = {
			isa = PBXNativeTarget;
			buildConfigurationList = 4AC26CBF23C8CD9C008FC859 /* Build configuration list for PBXNativeTarget "ArDrawAppUITests" */;
			buildPhases = (
				4AC26CAC23C8CD9C008FC859 /* Sources */,
				4AC26CAD23C8CD9C008FC859 /* Frameworks */,
				4AC26CAE23C8CD9C008FC859 /* Resources */,
			);
			buildRules = (
			);
			dependencies = (
				4AC26CB223C8CD9C008FC859 /* PBXTargetDependency */,
			);
			name = ArDrawAppUITests;
			productName = ArDrawAppUITests;
			productReference = 4AC26CB023C8CD9C008FC859 /* ArDrawAppUITests.xctest */;
			productType = "com.apple.product-type.bundle.ui-testing";
		};
/* End PBXNativeTarget section */

/* Begin PBXProject section */
		4AC26C8923C8CD9A008FC859 /* Project object */ = {
			isa = PBXProject;
			attributes = {
				LastSwiftUpdateCheck = 1030;
				LastUpgradeCheck = 1030;
				ORGANIZATIONNAME = "小澤謙太郎";
				TargetAttributes = {
					4AC26C9023C8CD9A008FC859 = {
						CreatedOnToolsVersion = 10.3;
					};
					4AC26CA423C8CD9C008FC859 = {
						CreatedOnToolsVersion = 10.3;
						TestTargetID = 4AC26C9023C8CD9A008FC859;
					};
					4AC26CAF23C8CD9C008FC859 = {
						CreatedOnToolsVersion = 10.3;
						TestTargetID = 4AC26C9023C8CD9A008FC859;
					};
				};
			};
			buildConfigurationList = 4AC26C8C23C8CD9A008FC859 /* Build configuration list for PBXProject "ArDrawApp" */;
			compatibilityVersion = "Xcode 9.3";
			developmentRegion = en;
			hasScannedForEncodings = 0;
			knownRegions = (
				en,
				Base,
			);
			mainGroup = 4AC26C8823C8CD9A008FC859;
			productRefGroup = 4AC26C9223C8CD9A008FC859 /* Products */;
			projectDirPath = "";
			projectRoot = "";
			targets = (
				4AC26C9023C8CD9A008FC859 /* ArDrawApp */,
				4AC26CA423C8CD9C008FC859 /* ArDrawAppTests */,
				4AC26CAF23C8CD9C008FC859 /* ArDrawAppUITests */,
			);
		};
/* End PBXProject section */

/* Begin PBXResourcesBuildPhase section */
		4AC26C8F23C8CD9A008FC859 /* Resources */ = {
			isa = PBXResourcesBuildPhase;
			buildActionMask = 2147483647;
			files = (
				4AC26C9F23C8CD9B008FC859 /* LaunchScreen.storyboard in Resources */,
				4AC26C9C23C8CD9B008FC859 /* Assets.xcassets in Resources */,
				4AC26C9A23C8CD9A008FC859 /* Main.storyboard in Resources */,
			);
			runOnlyForDeploymentPostprocessing = 0;
		};
		4AC26CA323C8CD9C008FC859 /* Resources */ = {
			isa = PBXResourcesBuildPhase;
			buildActionMask = 2147483647;
			files = (
			);
			runOnlyForDeploymentPostprocessing = 0;
		};
		4AC26CAE23C8CD9C008FC859 /* Resources */ = {
			isa = PBXResourcesBuildPhase;
			buildActionMask = 2147483647;
			files = (
			);
			runOnlyForDeploymentPostprocessing = 0;
		};
/* End PBXResourcesBuildPhase section */

/* Begin PBXSourcesBuildPhase section */
		4AC26C8D23C8CD9A008FC859 /* Sources */ = {
			isa = PBXSourcesBuildPhase;
			buildActionMask = 2147483647;
			files = (
				4AC26C9723C8CD9A008FC859 /* ViewController.swift in Sources */,
				4AC26C9523C8CD9A008FC859 /* AppDelegate.swift in Sources */,
			);
			runOnlyForDeploymentPostprocessing = 0;
		};
		4AC26CA123C8CD9C008FC859 /* Sources */ = {
			isa = PBXSourcesBuildPhase;
			buildActionMask = 2147483647;
			files = (
				4AC26CAA23C8CD9C008FC859 /* ArDrawAppTests.swift in Sources */,
			);
			runOnlyForDeploymentPostprocessing = 0;
		};
		4AC26CAC23C8CD9C008FC859 /* Sources */ = {
			isa = PBXSourcesBuildPhase;
			buildActionMask = 2147483647;
			files = (
				4AC26CB523C8CD9C008FC859 /* ArDrawAppUITests.swift in Sources */,
			);
			runOnlyForDeploymentPostprocessing = 0;
		};
/* End PBXSourcesBuildPhase section */

/* Begin PBXTargetDependency section */
		4AC26CA723C8CD9C008FC859 /* PBXTargetDependency */ = {
			isa = PBXTargetDependency;
			target = 4AC26C9023C8CD9A008FC859 /* ArDrawApp */;
			targetProxy = 4AC26CA623C8CD9C008FC859 /* PBXContainerItemProxy */;
		};
		4AC26CB223C8CD9C008FC859 /* PBXTargetDependency */ = {
			isa = PBXTargetDependency;
			target = 4AC26C9023C8CD9A008FC859 /* ArDrawApp */;
			targetProxy = 4AC26CB123C8CD9C008FC859 /* PBXContainerItemProxy */;
		};
/* End PBXTargetDependency section */

/* Begin PBXVariantGroup section */
		4AC26C9823C8CD9A008FC859 /* Main.storyboard */ = {
			isa = PBXVariantGroup;
			children = (
				4AC26C9923C8CD9A008FC859 /* Base */,
			);
			name = Main.storyboard;
			sourceTree = "<group>";
		};
		4AC26C9D23C8CD9B008FC859 /* LaunchScreen.storyboard */ = {
			isa = PBXVariantGroup;
			children = (
				4AC26C9E23C8CD9B008FC859 /* Base */,
			);
			name = LaunchScreen.storyboard;
			sourceTree = "<group>";
		};
/* End PBXVariantGroup section */

/* Begin XCBuildConfiguration section */
		4AC26CB723C8CD9C008FC859 /* Debug */ = {
			isa = XCBuildConfiguration;
			buildSettings = {
				ALWAYS_SEARCH_USER_PATHS = NO;
				CLANG_ANALYZER_NONNULL = YES;
				CLANG_ANALYZER_NUMBER_OBJECT_CONVERSION = YES_AGGRESSIVE;
				CLANG_CXX_LANGUAGE_STANDARD = "gnu++14";
				CLANG_CXX_LIBRARY = "libc++";
				CLANG_ENABLE_MODULES = YES;
				CLANG_ENABLE_OBJC_ARC = YES;
				CLANG_ENABLE_OBJC_WEAK = YES;
				CLANG_WARN_BLOCK_CAPTURE_AUTORELEASING = YES;
				CLANG_WARN_BOOL_CONVERSION = YES;
				CLANG_WARN_COMMA = YES;
				CLANG_WARN_CONSTANT_CONVERSION = YES;
				CLANG_WARN_DEPRECATED_OBJC_IMPLEMENTATIONS = YES;
				CLANG_WARN_DIRECT_OBJC_ISA_USAGE = YES_ERROR;
				CLANG_WARN_DOCUMENTATION_COMMENTS = YES;
				CLANG_WARN_EMPTY_BODY = YES;
				CLANG_WARN_ENUM_CONVERSION = YES;
				CLANG_WARN_INFINITE_RECURSION = YES;
				CLANG_WARN_INT_CONVERSION = YES;
				CLANG_WARN_NON_LITERAL_NULL_CONVERSION = YES;
				CLANG_WARN_OBJC_IMPLICIT_RETAIN_SELF = YES;
				CLANG_WARN_OBJC_LITERAL_CONVERSION = YES;
				CLANG_WARN_OBJC_ROOT_CLASS = YES_ERROR;
				CLANG_WARN_RANGE_LOOP_ANALYSIS = YES;
				CLANG_WARN_STRICT_PROTOTYPES = YES;
				CLANG_WARN_SUSPICIOUS_MOVE = YES;
				CLANG_WARN_UNGUARDED_AVAILABILITY = YES_AGGRESSIVE;
				CLANG_WARN_UNREACHABLE_CODE = YES;
				CLANG_WARN__DUPLICATE_METHOD_MATCH = YES;
				CODE_SIGN_IDENTITY = "iPhone Developer";
				COPY_PHASE_STRIP = NO;
				DEBUG_INFORMATION_FORMAT = dwarf;
				ENABLE_STRICT_OBJC_MSGSEND = YES;
				ENABLE_TESTABILITY = YES;
				GCC_C_LANGUAGE_STANDARD = gnu11;
				GCC_DYNAMIC_NO_PIC = NO;
				GCC_NO_COMMON_BLOCKS = YES;
				GCC_OPTIMIZATION_LEVEL = 0;
				GCC_PREPROCESSOR_DEFINITIONS = (
					"DEBUG=1",
					"$(inherited)",
				);
				GCC_WARN_64_TO_32_BIT_CONVERSION = YES;
				GCC_WARN_ABOUT_RETURN_TYPE = YES_ERROR;
				GCC_WARN_UNDECLARED_SELECTOR = YES;
				GCC_WARN_UNINITIALIZED_AUTOS = YES_AGGRESSIVE;
				GCC_WARN_UNUSED_FUNCTION = YES;
				GCC_WARN_UNUSED_VARIABLE = YES;
				IPHONEOS_DEPLOYMENT_TARGET = 12.4;
				MTL_ENABLE_DEBUG_INFO = INCLUDE_SOURCE;
				MTL_FAST_MATH = YES;
				ONLY_ACTIVE_ARCH = YES;
				SDKROOT = iphoneos;
				SWIFT_ACTIVE_COMPILATION_CONDITIONS = DEBUG;
				SWIFT_OPTIMIZATION_LEVEL = "-Onone";
			};
			name = Debug;
		};
		4AC26CB823C8CD9C008FC859 /* Release */ = {
			isa = XCBuildConfiguration;
			buildSettings = {
				ALWAYS_SEARCH_USER_PATHS = NO;
				CLANG_ANALYZER_NONNULL = YES;
				CLANG_ANALYZER_NUMBER_OBJECT_CONVERSION = YES_AGGRESSIVE;
				CLANG_CXX_LANGUAGE_STANDARD = "gnu++14";
				CLANG_CXX_LIBRARY = "libc++";
				CLANG_ENABLE_MODULES = YES;
				CLANG_ENABLE_OBJC_ARC = YES;
				CLANG_ENABLE_OBJC_WEAK = YES;
				CLANG_WARN_BLOCK_CAPTURE_AUTORELEASING = YES;
				CLANG_WARN_BOOL_CONVERSION = YES;
				CLANG_WARN_COMMA = YES;
				CLANG_WARN_CONSTANT_CONVERSION = YES;
				CLANG_WARN_DEPRECATED_OBJC_IMPLEMENTATIONS = YES;
				CLANG_WARN_DIRECT_OBJC_ISA_USAGE = YES_ERROR;
				CLANG_WARN_DOCUMENTATION_COMMENTS = YES;
				CLANG_WARN_EMPTY_BODY = YES;
				CLANG_WARN_ENUM_CONVERSION = YES;
				CLANG_WARN_INFINITE_RECURSION = YES;
				CLANG_WARN_INT_CONVERSION = YES;
				CLANG_WARN_NON_LITERAL_NULL_CONVERSION = YES;
				CLANG_WARN_OBJC_IMPLICIT_RETAIN_SELF = YES;
				CLANG_WARN_OBJC_LITERAL_CONVERSION = YES;
				CLANG_WARN_OBJC_ROOT_CLASS = YES_ERROR;
				CLANG_WARN_RANGE_LOOP_ANALYSIS = YES;
				CLANG_WARN_STRICT_PROTOTYPES = YES;
				CLANG_WARN_SUSPICIOUS_MOVE = YES;
				CLANG_WARN_UNGUARDED_AVAILABILITY = YES_AGGRESSIVE;
				CLANG_WARN_UNREACHABLE_CODE = YES;
				CLANG_WARN__DUPLICATE_METHOD_MATCH = YES;
				CODE_SIGN_IDENTITY = "iPhone Developer";
				COPY_PHASE_STRIP = NO;
				DEBUG_INFORMATION_FORMAT = "dwarf-with-dsym";
				ENABLE_NS_ASSERTIONS = NO;
				ENABLE_STRICT_OBJC_MSGSEND = YES;
				GCC_C_LANGUAGE_STANDARD = gnu11;
				GCC_NO_COMMON_BLOCKS = YES;
				GCC_WARN_64_TO_32_BIT_CONVERSION = YES;
				GCC_WARN_ABOUT_RETURN_TYPE = YES_ERROR;
				GCC_WARN_UNDECLARED_SELECTOR = YES;
				GCC_WARN_UNINITIALIZED_AUTOS = YES_AGGRESSIVE;
				GCC_WARN_UNUSED_FUNCTION = YES;
				GCC_WARN_UNUSED_VARIABLE = YES;
				IPHONEOS_DEPLOYMENT_TARGET = 12.4;
				MTL_ENABLE_DEBUG_INFO = NO;
				MTL_FAST_MATH = YES;
				SDKROOT = iphoneos;
				SWIFT_COMPILATION_MODE = wholemodule;
				SWIFT_OPTIMIZATION_LEVEL = "-O";
				VALIDATE_PRODUCT = YES;
			};
			name = Release;
		};
		4AC26CBA23C8CD9C008FC859 /* Debug */ = {
			isa = XCBuildConfiguration;
			buildSettings = {
				ASSETCATALOG_COMPILER_APPICON_NAME = AppIcon;
				CODE_SIGN_STYLE = Automatic;
				INFOPLIST_FILE = ArDrawApp/Info.plist;
				LD_RUNPATH_SEARCH_PATHS = (
					"$(inherited)",
					"@executable_path/Frameworks",
				);
				PRODUCT_BUNDLE_IDENTIFIER = "com.gmail-muranomurabito.ArDrawApp";
				PRODUCT_NAME = "$(TARGET_NAME)";
				SWIFT_VERSION = 5.0;
				TARGETED_DEVICE_FAMILY = "1,2";
			};
			name = Debug;
		};
		4AC26CBB23C8CD9C008FC859 /* Release */ = {
			isa = XCBuildConfiguration;
			buildSettings = {
				ASSETCATALOG_COMPILER_APPICON_NAME = AppIcon;
				CODE_SIGN_STYLE = Automatic;
				INFOPLIST_FILE = ArDrawApp/Info.plist;
				LD_RUNPATH_SEARCH_PATHS = (
					"$(inherited)",
					"@executable_path/Frameworks",
				);
				PRODUCT_BUNDLE_IDENTIFIER = "com.gmail-muranomurabito.ArDrawApp";
				PRODUCT_NAME = "$(TARGET_NAME)";
				SWIFT_VERSION = 5.0;
				TARGETED_DEVICE_FAMILY = "1,2";
			};
			name = Release;
		};
		4AC26CBD23C8CD9C008FC859 /* Debug */ = {
			isa = XCBuildConfiguration;
			buildSettings = {
				ALWAYS_EMBED_SWIFT_STANDARD_LIBRARIES = YES;
				BUNDLE_LOADER = "$(TEST_HOST)";
				CODE_SIGN_STYLE = Automatic;
				INFOPLIST_FILE = ArDrawAppTests/Info.plist;
				LD_RUNPATH_SEARCH_PATHS = (
					"$(inherited)",
					"@executable_path/Frameworks",
					"@loader_path/Frameworks",
				);
				PRODUCT_BUNDLE_IDENTIFIER = "com.gmail-muranomurabito.ArDrawAppTests";
				PRODUCT_NAME = "$(TARGET_NAME)";
				SWIFT_VERSION = 5.0;
				TARGETED_DEVICE_FAMILY = "1,2";
				TEST_HOST = "$(BUILT_PRODUCTS_DIR)/ArDrawApp.app/ArDrawApp";
			};
			name = Debug;
		};
		4AC26CBE23C8CD9C008FC859 /* Release */ = {
			isa = XCBuildConfiguration;
			buildSettings = {
				ALWAYS_EMBED_SWIFT_STANDARD_LIBRARIES = YES;
				BUNDLE_LOADER = "$(TEST_HOST)";
				CODE_SIGN_STYLE = Automatic;
				INFOPLIST_FILE = ArDrawAppTests/Info.plist;
				LD_RUNPATH_SEARCH_PATHS = (
					"$(inherited)",
					"@executable_path/Frameworks",
					"@loader_path/Frameworks",
				);
				PRODUCT_BUNDLE_IDENTIFIER = "com.gmail-muranomurabito.ArDrawAppTests";
				PRODUCT_NAME = "$(TARGET_NAME)";
				SWIFT_VERSION = 5.0;
				TARGETED_DEVICE_FAMILY = "1,2";
				TEST_HOST = "$(BUILT_PRODUCTS_DIR)/ArDrawApp.app/ArDrawApp";
			};
			name = Release;
		};
		4AC26CC023C8CD9C008FC859 /* Debug */ = {
			isa = XCBuildConfiguration;
			buildSettings = {
				ALWAYS_EMBED_SWIFT_STANDARD_LIBRARIES = YES;
				CODE_SIGN_STYLE = Automatic;
				INFOPLIST_FILE = ArDrawAppUITests/Info.plist;
				LD_RUNPATH_SEARCH_PATHS = (
					"$(inherited)",
					"@executable_path/Frameworks",
					"@loader_path/Frameworks",
				);
				PRODUCT_BUNDLE_IDENTIFIER = "com.gmail-muranomurabito.ArDrawAppUITests";
				PRODUCT_NAME = "$(TARGET_NAME)";
				SWIFT_VERSION = 5.0;
				TARGETED_DEVICE_FAMILY = "1,2";
				TEST_TARGET_NAME = ArDrawApp;
			};
			name = Debug;
		};
		4AC26CC123C8CD9C008FC859 /* Release */ = {
			isa = XCBuildConfiguration;
			buildSettings = {
				ALWAYS_EMBED_SWIFT_STANDARD_LIBRARIES = YES;
				CODE_SIGN_STYLE = Automatic;
				INFOPLIST_FILE = ArDrawAppUITests/Info.plist;
				LD_RUNPATH_SEARCH_PATHS = (
					"$(inherited)",
					"@executable_path/Frameworks",
					"@loader_path/Frameworks",
				);
				PRODUCT_BUNDLE_IDENTIFIER = "com.gmail-muranomurabito.ArDrawAppUITests";
				PRODUCT_NAME = "$(TARGET_NAME)";
				SWIFT_VERSION = 5.0;
				TARGETED_DEVICE_FAMILY = "1,2";
				TEST_TARGET_NAME = ArDrawApp;
			};
			name = Release;
		};
/* End XCBuildConfiguration section */

/* Begin XCConfigurationList section */
		4AC26C8C23C8CD9A008FC859 /* Build configuration list for PBXProject "ArDrawApp" */ = {
			isa = XCConfigurationList;
			buildConfigurations = (
				4AC26CB723C8CD9C008FC859 /* Debug */,
				4AC26CB823C8CD9C008FC859 /* Release */,
			);
			defaultConfigurationIsVisible = 0;
			defaultConfigurationName = Release;
		};
		4AC26CB923C8CD9C008FC859 /* Build configuration list for PBXNativeTarget "ArDrawApp" */ = {
			isa = XCConfigurationList;
			buildConfigurations = (
				4AC26CBA23C8CD9C008FC859 /* Debug */,
				4AC26CBB23C8CD9C008FC859 /* Release */,
			);
			defaultConfigurationIsVisible = 0;
			defaultConfigurationName = Release;
		};
		4AC26CBC23C8CD9C008FC859 /* Build configuration list for PBXNativeTarget "ArDrawAppTests" */ = {
			isa = XCConfigurationList;
			buildConfigurations = (
				4AC26CBD23C8CD9C008FC859 /* Debug */,
				4AC26CBE23C8CD9C008FC859 /* Release */,
			);
			defaultConfigurationIsVisible = 0;
			defaultConfigurationName = Release;
		};
		4AC26CBF23C8CD9C008FC859 /* Build configuration list for PBXNativeTarget "ArDrawAppUITests" */ = {
			isa = XCConfigurationList;
			buildConfigurations = (
				4AC26CC023C8CD9C008FC859 /* Debug */,
				4AC26CC123C8CD9C008FC859 /* Release */,
			);
			defaultConfigurationIsVisible = 0;
			defaultConfigurationName = Release;
		};
/* End XCConfigurationList section */
	};
	rootObject = 4AC26C8923C8CD9A008FC859 /* Project object */;
}
